
Microsoft Visual Studio Solution File, Format Version 12.00
# Visual Studio 15
Project("{FAE04EC0-301F-11D3-BF4B-00C04F79EFBC}") = "Assembly-CSharp", "Assembly-CSharp.csproj", "{BE3E59A0-8FC1-06FF-8E92-B03D808A0695}"
EndProject
Project("{FAE04EC0-301F-11D3-BF4B-00C04F79EFBC}") = "Assembly-CSharp-firstpass", "Assembly-CSharp-firstpass.csproj", "{6A9D95A8-D874-3DCF-5432-B2B22CCC85C8}"
EndProject
Project("{FAE04EC0-301F-11D3-BF4B-00C04F79EFBC}") = "Assembly-CSharp-Editor-firstpass", "Assembly-CSharp-Editor-firstpass.csproj", "{988B2024-0026-B76D-1081-F9A270169E62}"
EndProject
Global
	GlobalSection(SolutionConfigurationPlatforms) = preSolution
		Debug|Any CPU = Debug|Any CPU
		Release|Any CPU = Release|Any CPU
	EndGlobalSection
	GlobalSection(ProjectConfigurationPlatforms) = postSolution
		{BE3E59A0-8FC1-06FF-8E92-B03D808A0695}.Debug|Any CPU.ActiveCfg = Debug|Any CPU
		{BE3E59A0-8FC1-06FF-8E92-B03D808A0695}.Debug|Any CPU.Build.0 = Debug|Any CPU
		{BE3E59A0-8FC1-06FF-8E92-B03D808A0695}.Release|Any CPU.ActiveCfg = Release|Any CPU
		{BE3E59A0-8FC1-06FF-8E92-B03D808A0695}.Release|Any CPU.Build.0 = Release|Any CPU
		{6A9D95A8-D874-3DCF-5432-B2B22CCC85C8}.Debug|Any CPU.ActiveCfg = Debug|Any CPU
		{6A9D95A8-D874-3DCF-5432-B2B22CCC85C8}.Debug|Any CPU.Build.0 = Debug|Any CPU
		{6A9D95A8-D874-3DCF-5432-B2B22CCC85C8}.Release|Any CPU.ActiveCfg = Release|Any CPU
		{6A9D95A8-D874-3DCF-5432-B2B22CCC85C8}.Release|Any CPU.Build.0 = Release|Any CPU
		{988B2024-0026-B76D-1081-F9A270169E62}.Debug|Any CPU.ActiveCfg = Debug|Any CPU
		{988B2024-0026-B76D-1081-F9A270169E62}.Debug|Any CPU.Build.0 = Debug|Any CPU
		{988B2024-0026-B76D-1081-F9A270169E62}.Release|Any CPU.ActiveCfg = Release|Any CPU
		{988B2024-0026-B76D-1081-F9A270169E62}.Release|Any CPU.Build.0 = Release|Any CPU
	EndGlobalSection
	GlobalSection(SolutionProperties) = preSolution
		HideSolutionNode = FALSE
	EndGlobalSection
EndGlobal
